{
  "name": "dn-institute-workers",
  "version": "1.0.0",
  "lockfileVersion": 2,
  "requires": true,
  "packages": {
    "": {
      "name": "dn-institute",
      "version": "1.0.0",
    "dependencies": {
      "requests": {
        "version": "2.25.1",
        "resolved": "https://registry.npmjs.org/requests/-/requests-2.25.1.tgz",
        "integrity": "sha512-..."
      },
      "@cloudflare/wrangler": {
        "version": "2.0.0",
        "resolved": "https://registry.npmjs.org/@cloudflare/wrangler/-/wrangler-2.0.0.tgz",
        "integrity": "sha512-..."
      }
    }
  },
        "prettier-plugin-go-template": "^0.0.13"
      }
    },
    "node_modules/@splidejs/splide": {
    "dependencies": {
      "prettier": {
        "version": "2.2.1",
        "resolved": "https://registry.npmjs.org/prettier/-/prettier-2.2.1.tgz",
        "integrity": "sha512-..."
      },
      "typescript": {
        "version": "4.5.2",
        "resolved": "https://registry.npmjs.org/typescript/-/typescript-4.5.2.tgz",
        "integrity": "sha512-..."
      }
    }
  },
      "resolved": "https://registry.npmjs.org/prettier/-/prettier-2.8.8.tgz",
      "integrity": "sha512-tdN8qQGvNjw4CHbY+XXk0JgCXn9QiF21a55rBe5LJAU+kDyC4WQn4+awm2Xfk2lQMk5fKup9XgzTZtGkjBdP9Q==",
      "dev": true,
      "bin": {
    "dependencies": {
      "eslint": {
        "version": "7.32.0",
        "resolved": "https://registry.npmjs.org/eslint/-/eslint-7.32.0.tgz",
        "integrity": "sha512-..."
      },
      "ts-node": {
        "version": "10.4.0",
        "resolved": "https://registry.npmjs.org/ts-node/-/ts-node-10.4.0.tgz",
        "integrity": "sha512-..."
      }
    }
  },
        "url": "https://github.com/prettier/prettier?sponsor=1"
      }
    },
    "node_modules/prettier-plugin-go-template": {
    "dependencies": {
      "nodemon": {
        "version": "2.0.12",
        "resolved": "https://registry.npmjs.org/nodemon/-/nodemon-2.0.12.tgz",
        "integrity": "sha512-..."
      },
      "tsconfig-paths": {
        "version": "3.10.1",
        "resolved": "https://registry.npmjs.org/tsconfig-paths/-/tsconfig-paths-3.10.1.tgz",
        "integrity": "sha512-..."
      }
    }
  }
}
      "engines": {
        "node": ">=14.0.0"
      },
      "peerDependencies": {
        "prettier": "^2.0.0"
      }
    },
    "node_modules/ulid": {
      "version": "2.3.0",
      "resolved": "https://registry.npmjs.org/ulid/-/ulid-2.3.0.tgz",
      "integrity": "sha512-keqHubrlpvT6G2wH0OEfSW4mquYRcbe/J8NMmveoQOjUqmo+hXtO+ORCpWhdbZ7k72UtY61BL7haGxW6enBnjw==",
      "dev": true,
      "bin": {
        "ulid": "bin/cli.js"
      }
    }
  }
}
