{
  "name": "dn-institute",
  "version": "1.0.0",
  "lockfileVersion": 3,
  "requires": true,
  "packages": {
    "": {
      "name": "dn-institute",
      "version": "1.0.0",
      "license": "UNLICENSED",
      "dependencies": {
        "@splidejs/splide": "^4.1.4"
      },
      "devDependencies": {
        "prettier": "^2.7.1",
        "prettier-plugin-go-template": "^0.0.13"
      }
    },
    "node_modules/@splidejs/splide": {
      "version": "4.1.4",
      "resolved": "https://registry.npmjs.org/@splidejs/splide/-/splide-4.1.4.tgz",
      "integrity": "sha512-5I30evTJcAJQXt6vJ26g2xEkG+l1nXcpEw4xpKh0/FWQ8ozmAeTbtniVtVmz2sH1Es3vgfC4SS8B2X4o5JMptA=="
    },
    "node_modules/prettier": {
      "version": "2.8.8",
      "resolved": "https://registry.npmjs.org/prettier/-/prettier-2.8.8.tgz",
      "integrity": "sha512-tdN8qQGvNjw4CHbY+XXk0JgCXn9QiF21a55rBe5LJAU+kDyC4WQn4+awm2Xfk2lQMk5fKup9XgzTZtGkjBdP9Q==",
      "dev": true,
      "bin": {
        "prettier": "bin-prettier.js"
      },
      "engines": {
        "node": ">=10.13.0"
      },
      "funding": {
        "url": "https://github.com/prettier/prettier?sponsor=1"
      }
    },
    "node_modules/prettier-plugin-go-template": {
      "version": "0.0.13",
      "resolved": "https://registry.npmjs.org/prettier-plugin-go-template/-/prettier-plugin-go-template-0.0.13.tgz",
      "integrity": "sha512-gG/xT5kd+kCzoMaTchXvdfBdsunyRCV6G8cgdPGPd2V5JGGKXUG7SjzBKU7jaGh2RTeblcAdBb/E+S/duOAMsA==",
      "dev": true,
      "dependencies": {
        "ulid": "^2.3.0"
      },
      "engines": {
        "node": ">=14.0.0"
      },
      "peerDependencies": {
        "prettier": "^2.0.0"
      }
    },
    "node_modules/ulid": {
      "version": "2.3.0",
      "resolved": "https://registry.npmjs.org/ulid/-/ulid-2.3.0.tgz",
      "integrity": "sha512-keqHubrlpvT6G2wH0OEfSW4mquYRcbe/J8NMmveoQOjUqmo+hXtO+ORCpWhdbZ7k72UtY61BL7haGxW6enBnjw==",
      "dev": true,
      "bin": {
        "ulid": "bin/cli.js"
      }
    }
  }
}
