# yarn.lock
# This file is automatically generated by Yarn and should not be edited manually.
# It contains the exact versions of all dependencies and their transitive dependencies.

"transformers@^4.11.3":
  version "4.11.3"
  resolved "https://registry.yarnpkg.com/transformers/-/transformers-4.11.3.tgz#1234567890"
  integrity sha512-abcdef1234567890

"torch@^1.9.0":
  version "1.9.0"
  resolved "https://registry.yarnpkg.com/torch/-/torch-1.9.0.tgz#1234567890"
  integrity sha512-abcdef1234567890

"datasets@^1.11.0":
  version "1.11.0"
  resolved "https://registry.yarnpkg.com/datasets/-/datasets-1.11.0.tgz#1234567890"
  integrity sha512-abcdef1234567890

"faiss-cpu@^1.7.1":
  version "1.7.1"
  resolved "https://registry.yarnpkg.com/faiss-cpu/-/faiss-cpu-1.7.1.tgz#1234567890"
  integrity sha512-abcdef1234567890
# THIS IS AN AUTOGENERATED FILE. DO NOT EDIT THIS FILE DIRECTLY.
# yarn lockfile v1


"@splidejs/splide@^4.1.4":
  version "4.1.4"
  resolved "https://registry.npmjs.org/@splidejs/splide/-/splide-4.1.4.tgz"
  integrity sha512-5I30evTJcAJQXt6vJ26g2xEkG+l1nXcpEw4xpKh0/FWQ8ozmAeTbtniVtVmz2sH1Es3vgfC4SS8B2X4o5JMptA==

prettier-plugin-go-template@^0.0.13:
  version "0.0.13"
  resolved "https://registry.npmjs.org/prettier-plugin-go-template/-/prettier-plugin-go-template-0.0.13.tgz"
  integrity sha512-gG/xT5kd+kCzoMaTchXvdfBdsunyRCV6G8cgdPGPd2V5JGGKXUG7SjzBKU7jaGh2RTeblcAdBb/E+S/duOAMsA==
  dependencies:
    ulid "^2.3.0"

prettier@^2.0.0, prettier@^2.7.1:
  version "2.8.8"
  resolved "https://registry.npmjs.org/prettier/-/prettier-2.8.8.tgz"
  integrity sha512-tdN8qQGvNjw4CHbY+XXk0JgCXn9QiF21a55rBe5LJAU+kDyC4WQn4+awm2Xfk2lQMk5fKup9XgzTZtGkjBdP9Q==

ulid@^2.3.0:
  version "2.3.0"
  resolved "https://registry.npmjs.org/ulid/-/ulid-2.3.0.tgz"
  integrity sha512-keqHubrlpvT6G2wH0OEfSW4mquYRcbe/J8NMmveoQOjUqmo+hXtO+ORCpWhdbZ7k72UtY61BL7haGxW6enBnjw==
