    "version": "1.22.17",
    "resolved": "https://registry.npmjs.org/yarn/-/yarn-1.22.17.tgz"
  },
"chart.js": {
  "version": "3.7.1",
  "resolved": "https://registry.npmjs.org/chart.js/-/chart.js-3.7.1.tgz",
  "integrity": "sha512-b2b2b2b2b2b2b2b2b2b2b2b2b2b2b2b2b2b2b2b2",
  "requires": {
    "chartjs-adapter-date-fns": "^1.1.0"
  }
},
"cli-boxes": {
  "version": "2.2.1",
  "resolved": "https://registry.npmjs.org/cli-boxes/-/cli-boxes-2.2.1.tgz"