    version "1.22.19"
    resolved "https://registry.yarnpkg.com/yarn/-/yarn-1.22.19.tgz#3342179473450295259750279686399576309954"

"chart.js@^4.2.1":
  version "4.2.1"
  resolved "https://registry.yarnpkg.com/chart.js/-/chart.js-4.2.1.tgz#8c3b3a2a5a2a2a2a2a2a2a2a2a2a2a2a2a2a2a2a"
  integrity sha512-8c3b3a2a5a2a2a2a2a2a2a2a2a2a2a2a2a2a2a2a
  dependencies:
    chartjs-adapter-date-fns "^3.0.0"
    chartjs-adapter-luxon "^1.0.0"
    chartjs-adapter-moment "^1.0.0"
    chartjs-adapter-moment-timezone "^1.0.0"

"prettier-plugin-toml@^0.4.0":
  version "0.4.0"
  resolved "https://registry.yarnpkg.com/prettier-plugin-toml/-/prettier-plugin-toml-0.4.0.tgz#b3b3b3b3b3b3b3b3b3b3b3b3b3b3b3b3b3b3b3b3"