    version "2.7.1"
    resolved "https://registry.yarnpkg.com/prettier/-/prettier-2.7.1.tgz#8431086932878785850159332843895084853409"

"chart.js@^4.2.1":
  version "4.2.1"
  resolved "https://registry.yarnpkg.com/chart.js/-/chart.js-4.2.1.tgz#b1b1b1b1b1b1b1b1b1b1b1b1b1b1b1b1b1b1b1b1"
  integrity sha512-b1b1b1b1b1b1b1b1b1b1b1b1b1b1b1b1b1b1b1b1b1b1b1b1b1b1b1b1b1b1b1b1b1b1b1b1b1b1b1b1b1b1b1b1

"prettier-plugin-tailwindcss@^0.1.10":
  version "0.1.10"
  resolved "https://registry.yarnpkg.com/prettier-plugin-tailwindcss/-/prettier-plugin-tailwindcss-0.1.10.tgz#b1b1b1b1b1b1b1b1b1b1b1b1b1b1b1b1b1b1b1b1"