    version "1.22.17"
    resolved "https://registry.yarnpkg.com/yarn/-/yarn-1.22.17.tgz#971451111478152925219328220839462409288c"

"chart.js@^3.7.1":
  version "3.7.1"
  resolved "https://registry.yarnpkg.com/chart.js/-/chart.js-3.7.1.tgz#b2b2b2b2b2b2b2b2b2b2b2b2b2b2b2b2b2b2b2b2"
  integrity sha512-b2b2b2b2b2b2b2b2b2b2b2b2b2b2b2b2b2b2b2b2
  dependencies:
    chartjs-adapter-date-fns "^1.1.0"

"cli-boxes@^2.2.1":
  version "2.2.1"